// !$*UTF8*$!
{
	archiveVersion = 1;
	classes = {
	};
	objectVersion = 56;
	objects = {

/* Begin PBXBuildFile section */
		012CF2582AB29C5D0098BAE3 /* AppDelegate.m in Sources */ = {isa = PBXBuildFile; fileRef = 012CF2572AB29C5D0098BAE3 /* AppDelegate.m */; };
		012CF25B2AB29C5D0098BAE3 /* SceneDelegate.m in Sources */ = {isa = PBXBuildFile; fileRef = 012CF25A2AB29C5D0098BAE3 /* SceneDelegate.m */; };
		012CF25E2AB29C5D0098BAE3 /* ViewController.m in Sources */ = {isa = PBXBuildFile; fileRef = 012CF25D2AB29C5D0098BAE3 /* ViewController.m */; };
		012CF2612AB29C5D0098BAE3 /* Main.storyboard in Resources */ = {isa = PBXBuildFile; fileRef = 012CF25F2AB29C5D0098BAE3 /* Main.storyboard */; };
		012CF2632AB29C5F0098BAE3 /* Assets.xcassets in Resources */ = {isa = PBXBuildFile; fileRef = 012CF2622AB29C5F0098BAE3 /* Assets.xcassets */; };
		012CF2662AB29C5F0098BAE3 /* LaunchScreen.storyboard in Resources */ = {isa = PBXBuildFile; fileRef = 012CF2642AB29C5F0098BAE3 /* LaunchScreen.storyboard */; };
		012CF2692AB29C5F0098BAE3 /* main.m in Sources */ = {isa = PBXBuildFile; fileRef = 012CF2682AB29C5F0098BAE3 /* main.m */; };
		014AC7792AB829D200987570 /* MckPractisedInstalManager.m in Sources */ = {isa = PBXBuildFile; fileRef = 014AC7522AB829D200987570 /* MckPractisedInstalManager.m */; };
		014AC77A2AB829D200987570 /* AssmComplicatedManager.m in Sources */ = {isa = PBXBuildFile; fileRef = 014AC7552AB829D200987570 /* AssmComplicatedManager.m */; };
		014AC77B2AB829D200987570 /* DstrctiblDeftSubsistModel.m in Sources */ = {isa = PBXBuildFile; fileRef = 014AC7562AB829D200987570 /* DstrctiblDeftSubsistModel.m */; };
		014AC77C2AB829D200987570 /* ObsFlipperThesaurusViewController.m in Sources */ = {isa = PBXBuildFile; fileRef = 014AC7582AB829D200987570 /* ObsFlipperThesaurusViewController.m */; };
		014AC77D2AB829D200987570 /* FreObtuseLaxative.m in Sources */ = {isa = PBXBuildFile; fileRef = 014AC7592AB829D200987570 /* FreObtuseLaxative.m */; };
		014AC77E2AB829D200987570 /* NlavndDefyFanzine.m in Sources */ = {isa = PBXBuildFile; fileRef = 014AC75B2AB829D200987570 /* NlavndDefyFanzine.m */; };
		014AC77F2AB829D200987570 /* FryVisuallyInternetViewController.m in Sources */ = {isa = PBXBuildFile; fileRef = 014AC75C2AB829D200987570 /* FryVisuallyInternetViewController.m */; };
		014AC7802AB829D200987570 /* BasqAbjectPrintedView.m in Sources */ = {isa = PBXBuildFile; fileRef = 014AC75F2AB829D200987570 /* BasqAbjectPrintedView.m */; };
		014AC7812AB829D200987570 /* NdrdonIllnessManager.m in Sources */ = {isa = PBXBuildFile; fileRef = 014AC7602AB829D200987570 /* NdrdonIllnessManager.m */; };
		014AC7822AB829D200987570 /* BasqDefySunsetTableViewCell.m in Sources */ = {isa = PBXBuildFile; fileRef = 014AC7632AB829D200987570 /* BasqDefySunsetTableViewCell.m */; };
		014AC7832AB829D200987570 /* OrganisationalPlunkTableViewCell.m in Sources */ = {isa = PBXBuildFile; fileRef = 014AC7642AB829D200987570 /* OrganisationalPlunkTableViewCell.m */; };
		014AC7842AB829D200987570 /* AssmAsciiPimple.m in Sources */ = {isa = PBXBuildFile; fileRef = 014AC7692AB829D200987570 /* AssmAsciiPimple.m */; };
		014AC7852AB829D200987570 /* SothastrnAitchVainlyCell.m in Sources */ = {isa = PBXBuildFile; fileRef = 014AC76A2AB829D200987570 /* SothastrnAitchVainlyCell.m */; };
		014AC7862AB829D200987570 /* FreHypoxiaAddressTableViewCell.m in Sources */ = {isa = PBXBuildFile; fileRef = 014AC76B2AB829D200987570 /* FreHypoxiaAddressTableViewCell.m */; };
		014AC7872AB829D200987570 /* ObsVoicemailShirtyModel.m in Sources */ = {isa = PBXBuildFile; fileRef = 014AC76E2AB829D200987570 /* ObsVoicemailShirtyModel.m */; };
		014AC7882AB829D200987570 /* BrindlAbjectDressageViewController.m in Sources */ = {isa = PBXBuildFile; fileRef = 014AC7702AB829D200987570 /* BrindlAbjectDressageViewController.m */; };
		014AC7892AB829D200987570 /* LayttHonourCell.m in Sources */ = {isa = PBXBuildFile; fileRef = 014AC7712AB829D200987570 /* LayttHonourCell.m */; };
		014AC78A2AB829D200987570 /* GodhadColliderWaneViewController.m in Sources */ = {isa = PBXBuildFile; fileRef = 014AC7752AB829D200987570 /* GodhadColliderWaneViewController.m */; };
		014AC78B2AB829D200987570 /* BrindlExtantGownViewController.m in Sources */ = {isa = PBXBuildFile; fileRef = 014AC7772AB829D200987570 /* BrindlExtantGownViewController.m */; };
		014AC78C2AB829D200987570 /* ObsScathRolyTableViewCell.m in Sources */ = {isa = PBXBuildFile; fileRef = 014AC7782AB829D200987570 /* ObsScathRolyTableViewCell.m */; };
		6C6D4E2A8966EF494220043F /* Pods_Runner.framework in Frameworks */ = {isa = PBXBuildFile; fileRef = C0988C75D0BCBA89E353F2D9 /* Pods_Runner.framework */; };
/* End PBXBuildFile section */

/* Begin PBXFileReference section */
		012CF2532AB29C5D0098BAE3 /* Runner.app */ = {isa = PBXFileReference; explicitFileType = wrapper.application; includeInIndex = 0; path = Runner.app; sourceTree = BUILT_PRODUCTS_DIR; };
		012CF2562AB29C5D0098BAE3 /* AppDelegate.h */ = {isa = PBXFileReference; lastKnownFileType = sourcecode.c.h; path = AppDelegate.h; sourceTree = "<group>"; };
		012CF2572AB29C5D0098BAE3 /* AppDelegate.m */ = {isa = PBXFileReference; lastKnownFileType = sourcecode.c.objc; path = AppDelegate.m; sourceTree = "<group>"; };
		012CF2592AB29C5D0098BAE3 /* SceneDelegate.h */ = {isa = PBXFileReference; lastKnownFileType = sourcecode.c.h; path = SceneDelegate.h; sourceTree = "<group>"; };
		012CF25A2AB29C5D0098BAE3 /* SceneDelegate.m */ = {isa = PBXFileReference; lastKnownFileType = sourcecode.c.objc; path = SceneDelegate.m; sourceTree = "<group>"; };
		012CF25C2AB29C5D0098BAE3 /* ViewController.h */ = {isa = PBXFileReference; lastKnownFileType = sourcecode.c.h; path = ViewController.h; sourceTree = "<group>"; };
		012CF25D2AB29C5D0098BAE3 /* ViewController.m */ = {isa = PBXFileReference; lastKnownFileType = sourcecode.c.objc; path = ViewController.m; sourceTree = "<group>"; };
		012CF2602AB29C5D0098BAE3 /* Base */ = {isa = PBXFileReference; lastKnownFileType = file.storyboard; name = Base; path = Base.lproj/Main.storyboard; sourceTree = "<group>"; };
		012CF2622AB29C5F0098BAE3 /* Assets.xcassets */ = {isa = PBXFileReference; lastKnownFileType = folder.assetcatalog; path = Assets.xcassets; sourceTree = "<group>"; };
		012CF2652AB29C5F0098BAE3 /* Base */ = {isa = PBXFileReference; lastKnownFileType = file.storyboard; name = Base; path = Base.lproj/LaunchScreen.storyboard; sourceTree = "<group>"; };
		012CF2672AB29C5F0098BAE3 /* Info.plist */ = {isa = PBXFileReference; lastKnownFileType = text.plist.xml; path = Info.plist; sourceTree = "<group>"; };
		012CF2682AB29C5F0098BAE3 /* main.m */ = {isa = PBXFileReference; lastKnownFileType = sourcecode.c.objc; path = main.m; sourceTree = "<group>"; };
		012CF2D52AB2AD120098BAE3 /* PrefixHeader.pch */ = {isa = PBXFileReference; fileEncoding = 4; lastKnownFileType = sourcecode.c.h; path = PrefixHeader.pch; sourceTree = SOURCE_ROOT; };
		014AC7502AB829D200987570 /* FryVisuallyInternetViewController.h */ = {isa = PBXFileReference; fileEncoding = 4; lastKnownFileType = sourcecode.c.h; path = FryVisuallyInternetViewController.h; sourceTree = "<group>"; };
		014AC7512AB829D200987570 /* NlavndDefyFanzine.h */ = {isa = PBXFileReference; fileEncoding = 4; lastKnownFileType = sourcecode.c.h; path = NlavndDefyFanzine.h; sourceTree = "<group>"; };
		014AC7522AB829D200987570 /* MckPractisedInstalManager.m */ = {isa = PBXFileReference; fileEncoding = 4; lastKnownFileType = sourcecode.c.objc; path = MckPractisedInstalManager.m; sourceTree = "<group>"; };
		014AC7532AB829D200987570 /* NdrdonIllnessManager.h */ = {isa = PBXFileReference; fileEncoding = 4; lastKnownFileType = sourcecode.c.h; path = NdrdonIllnessManager.h; sourceTree = "<group>"; };
		014AC7542AB829D200987570 /* BasqAbjectPrintedView.h */ = {isa = PBXFileReference; fileEncoding = 4; lastKnownFileType = sourcecode.c.h; path = BasqAbjectPrintedView.h; sourceTree = "<group>"; };
		014AC7552AB829D200987570 /* AssmComplicatedManager.m */ = {isa = PBXFileReference; fileEncoding = 4; lastKnownFileType = sourcecode.c.objc; path = AssmComplicatedManager.m; sourceTree = "<group>"; };
		014AC7562AB829D200987570 /* DstrctiblDeftSubsistModel.m */ = {isa = PBXFileReference; fileEncoding = 4; lastKnownFileType = sourcecode.c.objc; path = DstrctiblDeftSubsistModel.m; sourceTree = "<group>"; };
		014AC7572AB829D200987570 /* BasqDefySunsetTableViewCell.h */ = {isa = PBXFileReference; fileEncoding = 4; lastKnownFileType = sourcecode.c.h; path = BasqDefySunsetTableViewCell.h; sourceTree = "<group>"; };
		014AC7582AB829D200987570 /* ObsFlipperThesaurusViewController.m */ = {isa = PBXFileReference; fileEncoding = 4; lastKnownFileType = sourcecode.c.objc; path = ObsFlipperThesaurusViewController.m; sourceTree = "<group>"; };
		014AC7592AB829D200987570 /* FreObtuseLaxative.m */ = {isa = PBXFileReference; fileEncoding = 4; lastKnownFileType = sourcecode.c.objc; path = FreObtuseLaxative.m; sourceTree = "<group>"; };
		014AC75A2AB829D200987570 /* OrganisationalPlunkTableViewCell.h */ = {isa = PBXFileReference; fileEncoding = 4; lastKnownFileType = sourcecode.c.h; path = OrganisationalPlunkTableViewCell.h; sourceTree = "<group>"; };
		014AC75B2AB829D200987570 /* NlavndDefyFanzine.m */ = {isa = PBXFileReference; fileEncoding = 4; lastKnownFileType = sourcecode.c.objc; path = NlavndDefyFanzine.m; sourceTree = "<group>"; };
		014AC75C2AB829D200987570 /* FryVisuallyInternetViewController.m */ = {isa = PBXFileReference; fileEncoding = 4; lastKnownFileType = sourcecode.c.objc; path = FryVisuallyInternetViewController.m; sourceTree = "<group>"; };
		014AC75D2AB829D200987570 /* DstrctiblDeftSubsistModel.h */ = {isa = PBXFileReference; fileEncoding = 4; lastKnownFileType = sourcecode.c.h; path = DstrctiblDeftSubsistModel.h; sourceTree = "<group>"; };
		014AC75E2AB829D200987570 /* AssmComplicatedManager.h */ = {isa = PBXFileReference; fileEncoding = 4; lastKnownFileType = sourcecode.c.h; path = AssmComplicatedManager.h; sourceTree = "<group>"; };
		014AC75F2AB829D200987570 /* BasqAbjectPrintedView.m */ = {isa = PBXFileReference; fileEncoding = 4; lastKnownFileType = sourcecode.c.objc; path = BasqAbjectPrintedView.m; sourceTree = "<group>"; };
		014AC7602AB829D200987570 /* NdrdonIllnessManager.m */ = {isa = PBXFileReference; fileEncoding = 4; lastKnownFileType = sourcecode.c.objc; path = NdrdonIllnessManager.m; sourceTree = "<group>"; };
		014AC7612AB829D200987570 /* MckPractisedInstalManager.h */ = {isa = PBXFileReference; fileEncoding = 4; lastKnownFileType = sourcecode.c.h; path = MckPractisedInstalManager.h; sourceTree = "<group>"; };
		014AC7622AB829D200987570 /* ObsFlipperThesaurusViewController.h */ = {isa = PBXFileReference; fileEncoding = 4; lastKnownFileType = sourcecode.c.h; path = ObsFlipperThesaurusViewController.h; sourceTree = "<group>"; };
		014AC7632AB829D200987570 /* BasqDefySunsetTableViewCell.m */ = {isa = PBXFileReference; fileEncoding = 4; lastKnownFileType = sourcecode.c.objc; path = BasqDefySunsetTableViewCell.m; sourceTree = "<group>"; };
		014AC7642AB829D200987570 /* OrganisationalPlunkTableViewCell.m */ = {isa = PBXFileReference; fileEncoding = 4; lastKnownFileType = sourcecode.c.objc; path = OrganisationalPlunkTableViewCell.m; sourceTree = "<group>"; };
		014AC7652AB829D200987570 /* FreObtuseLaxative.h */ = {isa = PBXFileReference; fileEncoding = 4; lastKnownFileType = sourcecode.c.h; path = FreObtuseLaxative.h; sourceTree = "<group>"; };
		014AC7672AB829D200987570 /* LayttHonourCell.h */ = {isa = PBXFileReference; fileEncoding = 4; lastKnownFileType = sourcecode.c.h; path = LayttHonourCell.h; sourceTree = "<group>"; };
		014AC7682AB829D200987570 /* BrindlAbjectDressageViewController.h */ = {isa = PBXFileReference; fileEncoding = 4; lastKnownFileType = sourcecode.c.h; path = BrindlAbjectDressageViewController.h; sourceTree = "<group>"; };
		014AC7692AB829D200987570 /* AssmAsciiPimple.m */ = {isa = PBXFileReference; fileEncoding = 4; lastKnownFileType = sourcecode.c.objc; path = AssmAsciiPimple.m; sourceTree = "<group>"; };
		014AC76A2AB829D200987570 /* SothastrnAitchVainlyCell.m */ = {isa = PBXFileReference; fileEncoding = 4; lastKnownFileType = sourcecode.c.objc; path = SothastrnAitchVainlyCell.m; sourceTree = "<group>"; };
		014AC76B2AB829D200987570 /* FreHypoxiaAddressTableViewCell.m */ = {isa = PBXFileReference; fileEncoding = 4; lastKnownFileType = sourcecode.c.objc; path = FreHypoxiaAddressTableViewCell.m; sourceTree = "<group>"; };
		014AC76C2AB829D200987570 /* ObsScathRolyTableViewCell.h */ = {isa = PBXFileReference; fileEncoding = 4; lastKnownFileType = sourcecode.c.h; path = ObsScathRolyTableViewCell.h; sourceTree = "<group>"; };
		014AC76D2AB829D200987570 /* BrindlExtantGownViewController.h */ = {isa = PBXFileReference; fileEncoding = 4; lastKnownFileType = sourcecode.c.h; path = BrindlExtantGownViewController.h; sourceTree = "<group>"; };
		014AC76E2AB829D200987570 /* ObsVoicemailShirtyModel.m */ = {isa = PBXFileReference; fileEncoding = 4; lastKnownFileType = sourcecode.c.objc; path = ObsVoicemailShirtyModel.m; sourceTree = "<group>"; };
		014AC76F2AB829D200987570 /* GodhadColliderWaneViewController.h */ = {isa = PBXFileReference; fileEncoding = 4; lastKnownFileType = sourcecode.c.h; path = GodhadColliderWaneViewController.h; sourceTree = "<group>"; };
		014AC7702AB829D200987570 /* BrindlAbjectDressageViewController.m */ = {isa = PBXFileReference; fileEncoding = 4; lastKnownFileType = sourcecode.c.objc; path = BrindlAbjectDressageViewController.m; sourceTree = "<group>"; };
		014AC7712AB829D200987570 /* LayttHonourCell.m */ = {isa = PBXFileReference; fileEncoding = 4; lastKnownFileType = sourcecode.c.objc; path = LayttHonourCell.m; sourceTree = "<group>"; };
		014AC7722AB829D200987570 /* SothastrnAitchVainlyCell.h */ = {isa = PBXFileReference; fileEncoding = 4; lastKnownFileType = sourcecode.c.h; path = SothastrnAitchVainlyCell.h; sourceTree = "<group>"; };
		014AC7732AB829D200987570 /* FreHypoxiaAddressTableViewCell.h */ = {isa = PBXFileReference; fileEncoding = 4; lastKnownFileType = sourcecode.c.h; path = FreHypoxiaAddressTableViewCell.h; sourceTree = "<group>"; };
		014AC7742AB829D200987570 /* AssmAsciiPimple.h */ = {isa = PBXFileReference; fileEncoding = 4; lastKnownFileType = sourcecode.c.h; path = AssmAsciiPimple.h; sourceTree = "<group>"; };
		014AC7752AB829D200987570 /* GodhadColliderWaneViewController.m */ = {isa = PBXFileReference; fileEncoding = 4; lastKnownFileType = sourcecode.c.objc; path = GodhadColliderWaneViewController.m; sourceTree = "<group>"; };
		014AC7762AB829D200987570 /* ObsVoicemailShirtyModel.h */ = {isa = PBXFileReference; fileEncoding = 4; lastKnownFileType = sourcecode.c.h; path = ObsVoicemailShirtyModel.h; sourceTree = "<group>"; };
		014AC7772AB829D200987570 /* BrindlExtantGownViewController.m */ = {isa = PBXFileReference; fileEncoding = 4; lastKnownFileType = sourcecode.c.objc; path = BrindlExtantGownViewController.m; sourceTree = "<group>"; };
		014AC7782AB829D200987570 /* ObsScathRolyTableViewCell.m */ = {isa = PBXFileReference; fileEncoding = 4; lastKnownFileType = sourcecode.c.objc; path = ObsScathRolyTableViewCell.m; sourceTree = "<group>"; };
		0E4CC65C7F022335ACBCF091 /* Pods-Runner.release.xcconfig */ = {isa = PBXFileReference; includeInIndex = 1; lastKnownFileType = text.xcconfig; name = "Pods-Runner.release.xcconfig"; path = "Target Support Files/Pods-Runner/Pods-Runner.release.xcconfig"; sourceTree = "<group>"; };
		5A05D6E401300E8D195FC034 /* Pods-Runner.debug.xcconfig */ = {isa = PBXFileReference; includeInIndex = 1; lastKnownFileType = text.xcconfig; name = "Pods-Runner.debug.xcconfig"; path = "Target Support Files/Pods-Runner/Pods-Runner.debug.xcconfig"; sourceTree = "<group>"; };
		C0988C75D0BCBA89E353F2D9 /* Pods_Runner.framework */ = {isa = PBXFileReference; explicitFileType = wrapper.framework; includeInIndex = 0; path = Pods_Runner.framework; sourceTree = BUILT_PRODUCTS_DIR; };
/* End PBXFileReference section */

/* Begin PBXFrameworksBuildPhase section */
		012CF2502AB29C5D0098BAE3 /* Frameworks */ = {
			isa = PBXFrameworksBuildPhase;
			buildActionMask = 2147483647;
			files = (
				6C6D4E2A8966EF494220043F /* Pods_Runner.framework in Frameworks */,
			);
			runOnlyForDeploymentPostprocessing = 0;
		};
/* End PBXFrameworksBuildPhase section */

/* Begin PBXGroup section */
		012CF24A2AB29C5D0098BAE3 = {
			isa = PBXGroup;
			children = (
				012CF2552AB29C5D0098BAE3 /* Runner */,
				012CF2542AB29C5D0098BAE3 /* Products */,
				C1E8D53530F3FDA770C6F3B8 /* Pods */,
				E81BF0A784D92C62711FFCE7 /* Frameworks */,
			);
			sourceTree = "<group>";
		};
		012CF2542AB29C5D0098BAE3 /* Products */ = {
			isa = PBXGroup;
			children = (
				012CF2532AB29C5D0098BAE3 /* Runner.app */,
			);
			name = Products;
			sourceTree = "<group>";
		};
		012CF2552AB29C5D0098BAE3 /* Runner */ = {
			isa = PBXGroup;
			children = (
				014AC74E2AB829D200987570 /* Classes */,
				012CF2562AB29C5D0098BAE3 /* AppDelegate.h */,
				012CF2572AB29C5D0098BAE3 /* AppDelegate.m */,
				012CF2592AB29C5D0098BAE3 /* SceneDelegate.h */,
				012CF25A2AB29C5D0098BAE3 /* SceneDelegate.m */,
				012CF25C2AB29C5D0098BAE3 /* ViewController.h */,
				012CF25D2AB29C5D0098BAE3 /* ViewController.m */,
				012CF2D52AB2AD120098BAE3 /* PrefixHeader.pch */,
				012CF25F2AB29C5D0098BAE3 /* Main.storyboard */,
				012CF2622AB29C5F0098BAE3 /* Assets.xcassets */,
				012CF2642AB29C5F0098BAE3 /* LaunchScreen.storyboard */,
				012CF2672AB29C5F0098BAE3 /* Info.plist */,
				012CF2682AB29C5F0098BAE3 /* main.m */,
			);
			path = Runner;
			sourceTree = "<group>";
		};
		014AC74E2AB829D200987570 /* Classes */ = {
			isa = PBXGroup;
			children = (
				014AC7742AB829D200987570 /* AssmAsciiPimple.h */,
				014AC7692AB829D200987570 /* AssmAsciiPimple.m */,
				014AC75E2AB829D200987570 /* AssmComplicatedManager.h */,
				014AC7552AB829D200987570 /* AssmComplicatedManager.m */,
				014AC7542AB829D200987570 /* BasqAbjectPrintedView.h */,
				014AC75F2AB829D200987570 /* BasqAbjectPrintedView.m */,
				014AC7572AB829D200987570 /* BasqDefySunsetTableViewCell.h */,
				014AC7632AB829D200987570 /* BasqDefySunsetTableViewCell.m */,
				014AC7682AB829D200987570 /* BrindlAbjectDressageViewController.h */,
				014AC7702AB829D200987570 /* BrindlAbjectDressageViewController.m */,
				014AC76D2AB829D200987570 /* BrindlExtantGownViewController.h */,
				014AC7772AB829D200987570 /* BrindlExtantGownViewController.m */,
				014AC75D2AB829D200987570 /* DstrctiblDeftSubsistModel.h */,
				014AC7562AB829D200987570 /* DstrctiblDeftSubsistModel.m */,
				014AC7732AB829D200987570 /* FreHypoxiaAddressTableViewCell.h */,
				014AC76B2AB829D200987570 /* FreHypoxiaAddressTableViewCell.m */,
				014AC7652AB829D200987570 /* FreObtuseLaxative.h */,
				014AC7592AB829D200987570 /* FreObtuseLaxative.m */,
				014AC7502AB829D200987570 /* FryVisuallyInternetViewController.h */,
				014AC75C2AB829D200987570 /* FryVisuallyInternetViewController.m */,
				014AC76F2AB829D200987570 /* GodhadColliderWaneViewController.h */,
				014AC7752AB829D200987570 /* GodhadColliderWaneViewController.m */,
				014AC7672AB829D200987570 /* LayttHonourCell.h */,
				014AC7712AB829D200987570 /* LayttHonourCell.m */,
				014AC7612AB829D200987570 /* MckPractisedInstalManager.h */,
				014AC7522AB829D200987570 /* MckPractisedInstalManager.m */,
				014AC7532AB829D200987570 /* NdrdonIllnessManager.h */,
				014AC7602AB829D200987570 /* NdrdonIllnessManager.m */,
				014AC7512AB829D200987570 /* NlavndDefyFanzine.h */,
				014AC75B2AB829D200987570 /* NlavndDefyFanzine.m */,
				014AC7622AB829D200987570 /* ObsFlipperThesaurusViewController.h */,
				014AC7582AB829D200987570 /* ObsFlipperThesaurusViewController.m */,
				014AC76C2AB829D200987570 /* ObsScathRolyTableViewCell.h */,
				014AC7782AB829D200987570 /* ObsScathRolyTableViewCell.m */,
				014AC7762AB829D200987570 /* ObsVoicemailShirtyModel.h */,
				014AC76E2AB829D200987570 /* ObsVoicemailShirtyModel.m */,
				014AC75A2AB829D200987570 /* OrganisationalPlunkTableViewCell.h */,
				014AC7642AB829D200987570 /* OrganisationalPlunkTableViewCell.m */,
				014AC7722AB829D200987570 /* SothastrnAitchVainlyCell.h */,
				014AC76A2AB829D200987570 /* SothastrnAitchVainlyCell.m */,
			);
			path = Classes;
			sourceTree = SOURCE_ROOT;
		};
		C1E8D53530F3FDA770C6F3B8 /* Pods */ = {
			isa = PBXGroup;
			children = (
				5A05D6E401300E8D195FC034 /* Pods-Runner.debug.xcconfig */,
				0E4CC65C7F022335ACBCF091 /* Pods-Runner.release.xcconfig */,
			);
			path = Pods;
			sourceTree = "<group>";
		};
		E81BF0A784D92C62711FFCE7 /* Frameworks */ = {
			isa = PBXGroup;
			children = (
				C0988C75D0BCBA89E353F2D9 /* Pods_Runner.framework */,
			);
			name = Frameworks;
			sourceTree = "<group>";
		};
/* End PBXGroup section */

/* Begin PBXNativeTarget section */
		012CF2522AB29C5D0098BAE3 /* Runner */ = {
			isa = PBXNativeTarget;
			buildConfigurationList = 012CF26C2AB29C5F0098BAE3 /* Build configuration list for PBXNativeTarget "Runner" */;
			buildPhases = (
				0E75B3C50E01A771379F2B16 /* [CP] Check Pods Manifest.lock */,
				012CF24F2AB29C5D0098BAE3 /* Sources */,
				012CF2502AB29C5D0098BAE3 /* Frameworks */,
				012CF2512AB29C5D0098BAE3 /* Resources */,
				5CD1B042D637B3A3AE1F32C8 /* [CP] Embed Pods Frameworks */,
			);
			buildRules = (
			);
			dependencies = (
			);
			name = Runner;
			productName = Runner;
			productReference = 012CF2532AB29C5D0098BAE3 /* Runner.app */;
			productType = "com.apple.product-type.application";
		};
/* End PBXNativeTarget section */

/* Begin PBXProject section */
		012CF24B2AB29C5D0098BAE3 /* Project object */ = {
			isa = PBXProject;
			attributes = {
				BuildIndependentTargetsInParallel = 1;
				LastUpgradeCheck = 1430;
				TargetAttributes = {
					012CF2522AB29C5D0098BAE3 = {
						CreatedOnToolsVersion = 14.3;
					};
				};
			};
			buildConfigurationList = 012CF24E2AB29C5D0098BAE3 /* Build configuration list for PBXProject "Runner" */;
			compatibilityVersion = "Xcode 14.0";
			developmentRegion = en;
			hasScannedForEncodings = 0;
			knownRegions = (
				en,
				Base,
			);
			mainGroup = 012CF24A2AB29C5D0098BAE3;
			productRefGroup = 012CF2542AB29C5D0098BAE3 /* Products */;
			projectDirPath = "";
			projectRoot = "";
			targets = (
				012CF2522AB29C5D0098BAE3 /* Runner */,
			);
		};
/* End PBXProject section */

/* Begin PBXResourcesBuildPhase section */
		012CF2512AB29C5D0098BAE3 /* Resources */ = {
			isa = PBXResourcesBuildPhase;
			buildActionMask = 2147483647;
			files = (
				012CF2662AB29C5F0098BAE3 /* LaunchScreen.storyboard in Resources */,
				012CF2632AB29C5F0098BAE3 /* Assets.xcassets in Resources */,
				012CF2612AB29C5D0098BAE3 /* Main.storyboard in Resources */,
			);
			runOnlyForDeploymentPostprocessing = 0;
		};
/* End PBXResourcesBuildPhase section */

/* Begin PBXShellScriptBuildPhase section */
		0E75B3C50E01A771379F2B16 /* [CP] Check Pods Manifest.lock */ = {
			isa = PBXShellScriptBuildPhase;
			buildActionMask = 2147483647;
			files = (
			);
			inputFileListPaths = (
			);
			inputPaths = (
				"${PODS_PODFILE_DIR_PATH}/Podfile.lock",
				"${PODS_ROOT}/Manifest.lock",
			);
			name = "[CP] Check Pods Manifest.lock";
			outputFileListPaths = (
			);
			outputPaths = (
				"$(DERIVED_FILE_DIR)/Pods-Runner-checkManifestLockResult.txt",
			);
			runOnlyForDeploymentPostprocessing = 0;
			shellPath = /bin/sh;
			shellScript = "diff \"${PODS_PODFILE_DIR_PATH}/Podfile.lock\" \"${PODS_ROOT}/Manifest.lock\" > /dev/null\nif [ $? != 0 ] ; then\n    # print error to STDERR\n    echo \"error: The sandbox is not in sync with the Podfile.lock. Run 'pod install' or update your CocoaPods installation.\" >&2\n    exit 1\nfi\n# This output is used by Xcode 'outputs' to avoid re-running this script phase.\necho \"SUCCESS\" > \"${SCRIPT_OUTPUT_FILE_0}\"\n";
			showEnvVarsInLog = 0;
		};
		5CD1B042D637B3A3AE1F32C8 /* [CP] Embed Pods Frameworks */ = {
			isa = PBXShellScriptBuildPhase;
			buildActionMask = 2147483647;
			files = (
			);
			inputFileListPaths = (
				"${PODS_ROOT}/Target Support Files/Pods-Runner/Pods-Runner-frameworks-${CONFIGURATION}-input-files.xcfilelist",
			);
			name = "[CP] Embed Pods Frameworks";
			outputFileListPaths = (
				"${PODS_ROOT}/Target Support Files/Pods-Runner/Pods-Runner-frameworks-${CONFIGURATION}-output-files.xcfilelist",
			);
			runOnlyForDeploymentPostprocessing = 0;
			shellPath = /bin/sh;
			shellScript = "\"${PODS_ROOT}/Target Support Files/Pods-Runner/Pods-Runner-frameworks.sh\"\n";
			showEnvVarsInLog = 0;
		};
/* End PBXShellScriptBuildPhase section */

/* Begin PBXSourcesBuildPhase section */
		012CF24F2AB29C5D0098BAE3 /* Sources */ = {
			isa = PBXSourcesBuildPhase;
			buildActionMask = 2147483647;
			files = (
				014AC7872AB829D200987570 /* ObsVoicemailShirtyModel.m in Sources */,
				014AC7842AB829D200987570 /* AssmAsciiPimple.m in Sources */,
				014AC77D2AB829D200987570 /* FreObtuseLaxative.m in Sources */,
				012CF25E2AB29C5D0098BAE3 /* ViewController.m in Sources */,
				014AC77E2AB829D200987570 /* NlavndDefyFanzine.m in Sources */,
				014AC78B2AB829D200987570 /* BrindlExtantGownViewController.m in Sources */,
				014AC7802AB829D200987570 /* BasqAbjectPrintedView.m in Sources */,
				014AC7822AB829D200987570 /* BasqDefySunsetTableViewCell.m in Sources */,
				014AC7892AB829D200987570 /* LayttHonourCell.m in Sources */,
				014AC78A2AB829D200987570 /* GodhadColliderWaneViewController.m in Sources */,
				014AC7862AB829D200987570 /* FreHypoxiaAddressTableViewCell.m in Sources */,
				014AC7882AB829D200987570 /* BrindlAbjectDressageViewController.m in Sources */,
				014AC7852AB829D200987570 /* SothastrnAitchVainlyCell.m in Sources */,
				014AC7812AB829D200987570 /* NdrdonIllnessManager.m in Sources */,
				014AC7832AB829D200987570 /* OrganisationalPlunkTableViewCell.m in Sources */,
				014AC7792AB829D200987570 /* MckPractisedInstalManager.m in Sources */,
				012CF2582AB29C5D0098BAE3 /* AppDelegate.m in Sources */,
				014AC77B2AB829D200987570 /* DstrctiblDeftSubsistModel.m in Sources */,
				012CF2692AB29C5F0098BAE3 /* main.m in Sources */,
				012CF25B2AB29C5D0098BAE3 /* SceneDelegate.m in Sources */,
				014AC77F2AB829D200987570 /* FryVisuallyInternetViewController.m in Sources */,
				014AC77A2AB829D200987570 /* AssmComplicatedManager.m in Sources */,
				014AC78C2AB829D200987570 /* ObsScathRolyTableViewCell.m in Sources */,
				014AC77C2AB829D200987570 /* ObsFlipperThesaurusViewController.m in Sources */,
			);
			runOnlyForDeploymentPostprocessing = 0;
		};
/* End PBXSourcesBuildPhase section */

/* Begin PBXVariantGroup section */
		012CF25F2AB29C5D0098BAE3 /* Main.storyboard */ = {
			isa = PBXVariantGroup;
			children = (
				012CF2602AB29C5D0098BAE3 /* Base */,
			);
			name = Main.storyboard;
			sourceTree = "<group>";
		};
		012CF2642AB29C5F0098BAE3 /* LaunchScreen.storyboard */ = {
			isa = PBXVariantGroup;
			children = (
				012CF2652AB29C5F0098BAE3 /* Base */,
			);
			name = LaunchScreen.storyboard;
			sourceTree = "<group>";
		};
/* End PBXVariantGroup section */

/* Begin XCBuildConfiguration section */
		012CF26A2AB29C5F0098BAE3 /* Debug */ = {
			isa = XCBuildConfiguration;
			buildSettings = {
				ALWAYS_SEARCH_USER_PATHS = NO;
				CLANG_ANALYZER_NONNULL = YES;
				CLANG_ANALYZER_NUMBER_OBJECT_CONVERSION = YES_AGGRESSIVE;
				CLANG_CXX_LANGUAGE_STANDARD = "gnu++20";
				CLANG_ENABLE_MODULES = YES;
				CLANG_ENABLE_OBJC_ARC = YES;
				CLANG_ENABLE_OBJC_WEAK = YES;
				CLANG_WARN_BLOCK_CAPTURE_AUTORELEASING = YES;
				CLANG_WARN_BOOL_CONVERSION = YES;
				CLANG_WARN_COMMA = YES;
				CLANG_WARN_CONSTANT_CONVERSION = YES;
				CLANG_WARN_DEPRECATED_OBJC_IMPLEMENTATIONS = YES;
				CLANG_WARN_DIRECT_OBJC_ISA_USAGE = YES_ERROR;
				CLANG_WARN_DOCUMENTATION_COMMENTS = YES;
				CLANG_WARN_EMPTY_BODY = YES;
				CLANG_WARN_ENUM_CONVERSION = YES;
				CLANG_WARN_INFINITE_RECURSION = YES;
				CLANG_WARN_INT_CONVERSION = YES;
				CLANG_WARN_NON_LITERAL_NULL_CONVERSION = YES;
				CLANG_WARN_OBJC_IMPLICIT_RETAIN_SELF = YES;
				CLANG_WARN_OBJC_LITERAL_CONVERSION = YES;
				CLANG_WARN_OBJC_ROOT_CLASS = YES_ERROR;
				CLANG_WARN_QUOTED_INCLUDE_IN_FRAMEWORK_HEADER = YES;
				CLANG_WARN_RANGE_LOOP_ANALYSIS = YES;
				CLANG_WARN_STRICT_PROTOTYPES = YES;
				CLANG_WARN_SUSPICIOUS_MOVE = YES;
				CLANG_WARN_UNGUARDED_AVAILABILITY = YES_AGGRESSIVE;
				CLANG_WARN_UNREACHABLE_CODE = YES;
				CLANG_WARN__DUPLICATE_METHOD_MATCH = YES;
				COPY_PHASE_STRIP = NO;
				DEBUG_INFORMATION_FORMAT = dwarf;
				ENABLE_STRICT_OBJC_MSGSEND = YES;
				ENABLE_TESTABILITY = YES;
				GCC_C_LANGUAGE_STANDARD = gnu11;
				GCC_DYNAMIC_NO_PIC = NO;
				GCC_NO_COMMON_BLOCKS = YES;
				GCC_OPTIMIZATION_LEVEL = 0;
				GCC_PREPROCESSOR_DEFINITIONS = (
					"DEBUG=1",
					"$(inherited)",
				);
				GCC_WARN_64_TO_32_BIT_CONVERSION = YES;
				GCC_WARN_ABOUT_RETURN_TYPE = YES_ERROR;
				GCC_WARN_UNDECLARED_SELECTOR = YES;
				GCC_WARN_UNINITIALIZED_AUTOS = YES_AGGRESSIVE;
				GCC_WARN_UNUSED_FUNCTION = YES;
				GCC_WARN_UNUSED_VARIABLE = YES;
				IPHONEOS_DEPLOYMENT_TARGET = 16.4;
				MTL_ENABLE_DEBUG_INFO = INCLUDE_SOURCE;
				MTL_FAST_MATH = YES;
				ONLY_ACTIVE_ARCH = YES;
				SDKROOT = iphoneos;
			};
			name = Debug;
		};
		012CF26B2AB29C5F0098BAE3 /* Release */ = {
			isa = XCBuildConfiguration;
			buildSettings = {
				ALWAYS_SEARCH_USER_PATHS = NO;
				CLANG_ANALYZER_NONNULL = YES;
				CLANG_ANALYZER_NUMBER_OBJECT_CONVERSION = YES_AGGRESSIVE;
				CLANG_CXX_LANGUAGE_STANDARD = "gnu++20";
				CLANG_ENABLE_MODULES = YES;
				CLANG_ENABLE_OBJC_ARC = YES;
				CLANG_ENABLE_OBJC_WEAK = YES;
				CLANG_WARN_BLOCK_CAPTURE_AUTORELEASING = YES;
				CLANG_WARN_BOOL_CONVERSION = YES;
				CLANG_WARN_COMMA = YES;
				CLANG_WARN_CONSTANT_CONVERSION = YES;
				CLANG_WARN_DEPRECATED_OBJC_IMPLEMENTATIONS = YES;
				CLANG_WARN_DIRECT_OBJC_ISA_USAGE = YES_ERROR;
				CLANG_WARN_DOCUMENTATION_COMMENTS = YES;
				CLANG_WARN_EMPTY_BODY = YES;
				CLANG_WARN_ENUM_CONVERSION = YES;
				CLANG_WARN_INFINITE_RECURSION = YES;
				CLANG_WARN_INT_CONVERSION = YES;
				CLANG_WARN_NON_LITERAL_NULL_CONVERSION = YES;
				CLANG_WARN_OBJC_IMPLICIT_RETAIN_SELF = YES;
				CLANG_WARN_OBJC_LITERAL_CONVERSION = YES;
				CLANG_WARN_OBJC_ROOT_CLASS = YES_ERROR;
				CLANG_WARN_QUOTED_INCLUDE_IN_FRAMEWORK_HEADER = YES;
				CLANG_WARN_RANGE_LOOP_ANALYSIS = YES;
				CLANG_WARN_STRICT_PROTOTYPES = YES;
				CLANG_WARN_SUSPICIOUS_MOVE = YES;
				CLANG_WARN_UNGUARDED_AVAILABILITY = YES_AGGRESSIVE;
				CLANG_WARN_UNREACHABLE_CODE = YES;
				CLANG_WARN__DUPLICATE_METHOD_MATCH = YES;
				COPY_PHASE_STRIP = NO;
				DEBUG_INFORMATION_FORMAT = "dwarf-with-dsym";
				ENABLE_NS_ASSERTIONS = NO;
				ENABLE_STRICT_OBJC_MSGSEND = YES;
				GCC_C_LANGUAGE_STANDARD = gnu11;
				GCC_NO_COMMON_BLOCKS = YES;
				GCC_WARN_64_TO_32_BIT_CONVERSION = YES;
				GCC_WARN_ABOUT_RETURN_TYPE = YES_ERROR;
				GCC_WARN_UNDECLARED_SELECTOR = YES;
				GCC_WARN_UNINITIALIZED_AUTOS = YES_AGGRESSIVE;
				GCC_WARN_UNUSED_FUNCTION = YES;
				GCC_WARN_UNUSED_VARIABLE = YES;
				IPHONEOS_DEPLOYMENT_TARGET = 16.4;
				MTL_ENABLE_DEBUG_INFO = NO;
				MTL_FAST_MATH = YES;
				SDKROOT = iphoneos;
				VALIDATE_PRODUCT = YES;
			};
			name = Release;
		};
		012CF26D2AB29C5F0098BAE3 /* Debug */ = {
			isa = XCBuildConfiguration;
			baseConfigurationReference = 5A05D6E401300E8D195FC034 /* Pods-Runner.debug.xcconfig */;
			buildSettings = {
				ASSETCATALOG_COMPILER_APPICON_NAME = AppIcon;
				ASSETCATALOG_COMPILER_GLOBAL_ACCENT_COLOR_NAME = AccentColor;
				CODE_SIGN_STYLE = Automatic;
				CURRENT_PROJECT_VERSION = 1;
				GCC_PRECOMPILE_PREFIX_HEADER = YES;
				GCC_PREFIX_HEADER = "${SRCROOT}/PrefixHeader.pch";
				GENERATE_INFOPLIST_FILE = YES;
				INFOPLIST_FILE = Runner/Info.plist;
				INFOPLIST_KEY_UIApplicationSupportsIndirectInputEvents = YES;
				INFOPLIST_KEY_UILaunchStoryboardName = LaunchScreen;
				INFOPLIST_KEY_UIMainStoryboardFile = Main;
				INFOPLIST_KEY_UIRequiresFullScreen = YES;
				INFOPLIST_KEY_UISupportedInterfaceOrientations = "UIInterfaceOrientationLandscapeLeft UIInterfaceOrientationLandscapeRight UIInterfaceOrientationPortrait";
				IPHONEOS_DEPLOYMENT_TARGET = 12.0;
				LD_RUNPATH_SEARCH_PATHS = (
					"$(inherited)",
					"@executable_path/Frameworks",
				);
				MARKETING_VERSION = 1.0.0;
				PRODUCT_BUNDLE_IDENTIFIER = WhiteWhaleTech.Runner;
				PRODUCT_NAME = "$(TARGET_NAME)";
				SWIFT_EMIT_LOC_STRINGS = YES;
				TARGETED_DEVICE_FAMILY = "1,2";
			};
			name = Debug;
		};
		012CF26E2AB29C5F0098BAE3 /* Release */ = {
			isa = XCBuildConfiguration;
			baseConfigurationReference = 0E4CC65C7F022335ACBCF091 /* Pods-Runner.release.xcconfig */;
			buildSettings = {
				ASSETCATALOG_COMPILER_APPICON_NAME = AppIcon;
				ASSETCATALOG_COMPILER_GLOBAL_ACCENT_COLOR_NAME = AccentColor;
				CODE_SIGN_STYLE = Automatic;
				CURRENT_PROJECT_VERSION = 1;
				GCC_PRECOMPILE_PREFIX_HEADER = YES;
				GCC_PREFIX_HEADER = "${SRCROOT}/PrefixHeader.pch";
				GENERATE_INFOPLIST_FILE = YES;
				INFOPLIST_FILE = Runner/Info.plist;
				INFOPLIST_KEY_UIApplicationSupportsIndirectInputEvents = YES;
				INFOPLIST_KEY_UILaunchStoryboardName = LaunchScreen;
				INFOPLIST_KEY_UIMainStoryboardFile = Main;
				INFOPLIST_KEY_UIRequiresFullScreen = YES;
				INFOPLIST_KEY_UISupportedInterfaceOrientations = "UIInterfaceOrientationLandscapeLeft UIInterfaceOrientationLandscapeRight UIInterfaceOrientationPortrait";
				IPHONEOS_DEPLOYMENT_TARGET = 12.0;
				LD_RUNPATH_SEARCH_PATHS = (
					"$(inherited)",
					"@executable_path/Frameworks",
				);
				MARKETING_VERSION = 1.0.0;
				PRODUCT_BUNDLE_IDENTIFIER = WhiteWhaleTech.Runner;
				PRODUCT_NAME = "$(TARGET_NAME)";
				SWIFT_EMIT_LOC_STRINGS = YES;
				TARGETED_DEVICE_FAMILY = "1,2";
			};
			name = Release;
		};
/* End XCBuildConfiguration section */

/* Begin XCConfigurationList section */
		012CF24E2AB29C5D0098BAE3 /* Build configuration list for PBXProject "Runner" */ = {
			isa = XCConfigurationList;
			buildConfigurations = (
				012CF26A2AB29C5F0098BAE3 /* Debug */,
				012CF26B2AB29C5F0098BAE3 /* Release */,
			);
			defaultConfigurationIsVisible = 0;
			defaultConfigurationName = Release;
		};
		012CF26C2AB29C5F0098BAE3 /* Build configuration list for PBXNativeTarget "Runner" */ = {
			isa = XCConfigurationList;
			buildConfigurations = (
				012CF26D2AB29C5F0098BAE3 /* Debug */,
				012CF26E2AB29C5F0098BAE3 /* Release */,
			);
			defaultConfigurationIsVisible = 0;
			defaultConfigurationName = Release;
		};
/* End XCConfigurationList section */
	};
	rootObject = 012CF24B2AB29C5D0098BAE3 /* Project object */;
}
